
Microsoft Visual Studio Solution File, Format Version 12.00
# Visual Studio 2013
VisualStudioVersion = 12.0.40629.0
MinimumVisualStudioVersion = 10.0.40219.1
Project("{FAE04EC0-301F-11D3-BF4B-00C04F79EFBC}") = "TrackingMap", "Map\TrackingMap.csproj", "{6DB98C01-1223-4DDC-9921-53E4DE0D674F}"
EndProject
Project("{FAE04EC0-301F-11D3-BF4B-00C04F79EFBC}") = "TrackingMap.Service", "Map.Service\TrackingMap.Service.csproj", "{38C82039-12E3-4C4D-A972-AD1D1A216D7B}"
EndProject
Project("{FAE04EC0-301F-11D3-BF4B-00C04F79EFBC}") = "TrackingMap.UI", "Map.UI\TrackingMap.UI.csproj", "{80404C5B-A554-452E-AED4-58B094C8D0FE}"
EndProject
Project("{FAE04EC0-301F-11D3-BF4B-00C04F79EFBC}") = "TrackingMap.Vn", "TrackingMap.Vn\TrackingMap.Vn.csproj", "{398DD256-29F2-451A-BF83-CA1D99DB7381}"
EndProject
Global
	GlobalSection(SolutionConfigurationPlatforms) = preSolution
		Debug|Any CPU = Debug|Any CPU
		Release|Any CPU = Release|Any CPU
	EndGlobalSection
	GlobalSection(ProjectConfigurationPlatforms) = postSolution
		{6DB98C01-1223-4DDC-9921-53E4DE0D674F}.Debug|Any CPU.ActiveCfg = Debug|Any CPU
		{6DB98C01-1223-4DDC-9921-53E4DE0D674F}.Debug|Any CPU.Build.0 = Debug|Any CPU
		{6DB98C01-1223-4DDC-9921-53E4DE0D674F}.Release|Any CPU.ActiveCfg = Release|Any CPU
		{6DB98C01-1223-4DDC-9921-53E4DE0D674F}.Release|Any CPU.Build.0 = Release|Any CPU
		{38C82039-12E3-4C4D-A972-AD1D1A216D7B}.Debug|Any CPU.ActiveCfg = Debug|Any CPU
		{38C82039-12E3-4C4D-A972-AD1D1A216D7B}.Debug|Any CPU.Build.0 = Debug|Any CPU
		{38C82039-12E3-4C4D-A972-AD1D1A216D7B}.Release|Any CPU.ActiveCfg = Release|Any CPU
		{38C82039-12E3-4C4D-A972-AD1D1A216D7B}.Release|Any CPU.Build.0 = Release|Any CPU
		{80404C5B-A554-452E-AED4-58B094C8D0FE}.Debug|Any CPU.ActiveCfg = Debug|Any CPU
		{80404C5B-A554-452E-AED4-58B094C8D0FE}.Debug|Any CPU.Build.0 = Debug|Any CPU
		{80404C5B-A554-452E-AED4-58B094C8D0FE}.Release|Any CPU.ActiveCfg = Release|Any CPU
		{80404C5B-A554-452E-AED4-58B094C8D0FE}.Release|Any CPU.Build.0 = Release|Any CPU
		{398DD256-29F2-451A-BF83-CA1D99DB7381}.Debug|Any CPU.ActiveCfg = Debug|Any CPU
		{398DD256-29F2-451A-BF83-CA1D99DB7381}.Debug|Any CPU.Build.0 = Debug|Any CPU
		{398DD256-29F2-451A-BF83-CA1D99DB7381}.Release|Any CPU.ActiveCfg = Release|Any CPU
		{398DD256-29F2-451A-BF83-CA1D99DB7381}.Release|Any CPU.Build.0 = Release|Any CPU
	EndGlobalSection
	GlobalSection(SolutionProperties) = preSolution
		HideSolutionNode = FALSE
	EndGlobalSection
EndGlobal
