
Microsoft Visual Studio Solution File, Format Version 12.00
# Visual Studio 2013
VisualStudioVersion = 12.0.40629.0
MinimumVisualStudioVersion = 10.0.40219.1
Project("{FAE04EC0-301F-11D3-BF4B-00C04F79EFBC}") = "TrackingMap.UI", "Map.UI\TrackingMap.UI.csproj", "{80404C5B-A554-452E-AED4-58B094C8D0FE}"
EndProject
Global
	GlobalSection(SolutionConfigurationPlatforms) = preSolution
		Debug|Any CPU = Debug|Any CPU
		Release|Any CPU = Release|Any CPU
	EndGlobalSection
	GlobalSection(ProjectConfigurationPlatforms) = postSolution
		{80404C5B-A554-452E-AED4-58B094C8D0FE}.Debug|Any CPU.ActiveCfg = Debug|Any CPU
		{80404C5B-A554-452E-AED4-58B094C8D0FE}.Debug|Any CPU.Build.0 = Debug|Any CPU
		{80404C5B-A554-452E-AED4-58B094C8D0FE}.Release|Any CPU.ActiveCfg = Release|Any CPU
		{80404C5B-A554-452E-AED4-58B094C8D0FE}.Release|Any CPU.Build.0 = Release|Any CPU
	EndGlobalSection
	GlobalSection(SolutionProperties) = preSolution
		HideSolutionNode = FALSE
	EndGlobalSection
EndGlobal
